
Microsoft Visual Studio Solution File, Format Version 12.00
# Visual Studio 14
VisualStudioVersion = 14.0.25123.0
MinimumVisualStudioVersion = 10.0.40219.1
Project("{FAE04EC0-301F-11D3-BF4B-00C04F79EFBC}") = "CarsharingSystem.Models", "CarsharingSystem.Models\CarsharingSystem.Models.csproj", "{64DECD21-C46A-47A0-8D4A-5EDEB84A940E}"
EndProject
Project("{FAE04EC0-301F-11D3-BF4B-00C04F79EFBC}") = "CarsharingSystem.Web", "CarsharingSystem.Web\CarsharingSystem.Web.csproj", "{A46D1D83-7A92-4F19-A8D6-AFD9F850F4E0}"
EndProject
Project("{FAE04EC0-301F-11D3-BF4B-00C04F79EFBC}") = "CarsharingSystem.Data", "CarsharingSystem.Data\CarsharingSystem.Data.csproj", "{83B1B8C9-8BE7-4898-98D8-5A26C750ED11}"
EndProject
Global
	GlobalSection(SolutionConfigurationPlatforms) = preSolution
		Debug|Any CPU = Debug|Any CPU
		Release|Any CPU = Release|Any CPU
	EndGlobalSection
	GlobalSection(ProjectConfigurationPlatforms) = postSolution
		{64DECD21-C46A-47A0-8D4A-5EDEB84A940E}.Debug|Any CPU.ActiveCfg = Debug|Any CPU
		{64DECD21-C46A-47A0-8D4A-5EDEB84A940E}.Debug|Any CPU.Build.0 = Debug|Any CPU
		{64DECD21-C46A-47A0-8D4A-5EDEB84A940E}.Release|Any CPU.ActiveCfg = Release|Any CPU
		{64DECD21-C46A-47A0-8D4A-5EDEB84A940E}.Release|Any CPU.Build.0 = Release|Any CPU
		{A46D1D83-7A92-4F19-A8D6-AFD9F850F4E0}.Debug|Any CPU.ActiveCfg = Debug|Any CPU
		{A46D1D83-7A92-4F19-A8D6-AFD9F850F4E0}.Debug|Any CPU.Build.0 = Debug|Any CPU
		{A46D1D83-7A92-4F19-A8D6-AFD9F850F4E0}.Release|Any CPU.ActiveCfg = Release|Any CPU
		{A46D1D83-7A92-4F19-A8D6-AFD9F850F4E0}.Release|Any CPU.Build.0 = Release|Any CPU
		{83B1B8C9-8BE7-4898-98D8-5A26C750ED11}.Debug|Any CPU.ActiveCfg = Debug|Any CPU
		{83B1B8C9-8BE7-4898-98D8-5A26C750ED11}.Debug|Any CPU.Build.0 = Debug|Any CPU
		{83B1B8C9-8BE7-4898-98D8-5A26C750ED11}.Release|Any CPU.ActiveCfg = Release|Any CPU
		{83B1B8C9-8BE7-4898-98D8-5A26C750ED11}.Release|Any CPU.Build.0 = Release|Any CPU
	EndGlobalSection
	GlobalSection(SolutionProperties) = preSolution
		HideSolutionNode = FALSE
	EndGlobalSection
EndGlobal
